
Microsoft Visual Studio Solution File, Format Version 12.00
Project("{FAE04EC0-301F-11D3-BF4B-00C04F79EFBC}") = "Application", "Application\Application.csproj", "{B56BE7F7-17CB-4D85-B6A4-F5A0122FAB60}"
EndProject
Project("{FAE04EC0-301F-11D3-BF4B-00C04F79EFBC}") = "API", "API\API.csproj", "{2C30A635-D055-4FBE-98AE-B263E2944C51}"
EndProject
Project("{FAE04EC0-301F-11D3-BF4B-00C04F79EFBC}") = "UI", "UI\UI.csproj", "{0123E90F-AA2A-411C-9E59-CC7D494C135D}"
EndProject
Global
	GlobalSection(SolutionConfigurationPlatforms) = preSolution
		Debug|Any CPU = Debug|Any CPU
		Release|Any CPU = Release|Any CPU
	EndGlobalSection
	GlobalSection(ProjectConfigurationPlatforms) = postSolution
		{B56BE7F7-17CB-4D85-B6A4-F5A0122FAB60}.Debug|Any CPU.ActiveCfg = Debug|Any CPU
		{B56BE7F7-17CB-4D85-B6A4-F5A0122FAB60}.Debug|Any CPU.Build.0 = Debug|Any CPU
		{B56BE7F7-17CB-4D85-B6A4-F5A0122FAB60}.Release|Any CPU.ActiveCfg = Release|Any CPU
		{B56BE7F7-17CB-4D85-B6A4-F5A0122FAB60}.Release|Any CPU.Build.0 = Release|Any CPU
		{2C30A635-D055-4FBE-98AE-B263E2944C51}.Debug|Any CPU.ActiveCfg = Debug|Any CPU
		{2C30A635-D055-4FBE-98AE-B263E2944C51}.Debug|Any CPU.Build.0 = Debug|Any CPU
		{2C30A635-D055-4FBE-98AE-B263E2944C51}.Release|Any CPU.ActiveCfg = Release|Any CPU
		{2C30A635-D055-4FBE-98AE-B263E2944C51}.Release|Any CPU.Build.0 = Release|Any CPU
		{0123E90F-AA2A-411C-9E59-CC7D494C135D}.Debug|Any CPU.ActiveCfg = Debug|Any CPU
		{0123E90F-AA2A-411C-9E59-CC7D494C135D}.Debug|Any CPU.Build.0 = Debug|Any CPU
		{0123E90F-AA2A-411C-9E59-CC7D494C135D}.Release|Any CPU.ActiveCfg = Release|Any CPU
		{0123E90F-AA2A-411C-9E59-CC7D494C135D}.Release|Any CPU.Build.0 = Release|Any CPU
	EndGlobalSection
EndGlobal
